
Microsoft Visual Studio Solution File, Format Version 12.00
# Visual Studio Version 17
VisualStudioVersion = 17.11.35312.102
MinimumVisualStudioVersion = 10.0.40219.1
Project("{2150E333-8FDC-42A3-9474-1A3956D46DE8}") = "Application", "Application", "{4E5CDEC2-0D3D-4734-8D6F-084F1B7066CE}"
EndProject
Project("{2150E333-8FDC-42A3-9474-1A3956D46DE8}") = "Domain", "Domain", "{DE282EF0-9694-4050-843A-61015DCE964E}"
EndProject
Project("{2150E333-8FDC-42A3-9474-1A3956D46DE8}") = "Infrastructure", "Infrastructure", "{07E486F1-EE9B-4C8D-89C4-BAFC769863CE}"
EndProject
Project("{2150E333-8FDC-42A3-9474-1A3956D46DE8}") = "Presentation", "Presentation", "{38221F00-6202-492B-B368-20C74F70FD2B}"
EndProject
Project("{2150E333-8FDC-42A3-9474-1A3956D46DE8}") = "Tests", "Tests", "{CE4301AB-33E7-45DF-8868-C55044CF4A2B}"
EndProject
Project("{9A19103F-16F7-4668-BE54-9A1E7A4F7556}") = "ToDoWebAPI", "ToDoWebAPI.Presentation\ToDoWebAPI\ToDoWebAPI.csproj", "{5DD1273F-90FD-4109-B8F2-CB49347BE2C3}"
EndProject
Project("{9A19103F-16F7-4668-BE54-9A1E7A4F7556}") = "DomainClassLib", "ToDoWebAPI.Domain\DomainClassLib\DomainClassLib.csproj", "{CF4BAA55-274B-4929-AB96-9DBA8BDDF649}"
EndProject
Project("{9A19103F-16F7-4668-BE54-9A1E7A4F7556}") = "AppClassLib", "ToDoWebAPI.Application\AppClassLib\AppClassLib.csproj", "{84FA025B-C42D-4E28-AA57-40A59DFB04B8}"
EndProject
Project("{FAE04EC0-301F-11D3-BF4B-00C04F79EFBC}") = "InfrasClassLib", "ToDoWebAPI.Infrastructure\InfrasClassLib\InfrasClassLib.csproj", "{E3128830-E2B8-460E-825E-D6BB4F493467}"
EndProject
Global
	GlobalSection(SolutionConfigurationPlatforms) = preSolution
		Debug|Any CPU = Debug|Any CPU
		Debug|ARM = Debug|ARM
		Debug|ARM64 = Debug|ARM64
		Debug|x64 = Debug|x64
		Debug|x86 = Debug|x86
		Release|Any CPU = Release|Any CPU
		Release|ARM = Release|ARM
		Release|ARM64 = Release|ARM64
		Release|x64 = Release|x64
		Release|x86 = Release|x86
	EndGlobalSection
	GlobalSection(ProjectConfigurationPlatforms) = postSolution
		{5DD1273F-90FD-4109-B8F2-CB49347BE2C3}.Debug|Any CPU.ActiveCfg = Debug|Any CPU
		{5DD1273F-90FD-4109-B8F2-CB49347BE2C3}.Debug|Any CPU.Build.0 = Debug|Any CPU
		{5DD1273F-90FD-4109-B8F2-CB49347BE2C3}.Debug|ARM.ActiveCfg = Debug|Any CPU
		{5DD1273F-90FD-4109-B8F2-CB49347BE2C3}.Debug|ARM.Build.0 = Debug|Any CPU
		{5DD1273F-90FD-4109-B8F2-CB49347BE2C3}.Debug|ARM64.ActiveCfg = Debug|Any CPU
		{5DD1273F-90FD-4109-B8F2-CB49347BE2C3}.Debug|ARM64.Build.0 = Debug|Any CPU
		{5DD1273F-90FD-4109-B8F2-CB49347BE2C3}.Debug|x64.ActiveCfg = Debug|Any CPU
		{5DD1273F-90FD-4109-B8F2-CB49347BE2C3}.Debug|x64.Build.0 = Debug|Any CPU
		{5DD1273F-90FD-4109-B8F2-CB49347BE2C3}.Debug|x86.ActiveCfg = Debug|Any CPU
		{5DD1273F-90FD-4109-B8F2-CB49347BE2C3}.Debug|x86.Build.0 = Debug|Any CPU
		{5DD1273F-90FD-4109-B8F2-CB49347BE2C3}.Release|Any CPU.ActiveCfg = Release|Any CPU
		{5DD1273F-90FD-4109-B8F2-CB49347BE2C3}.Release|Any CPU.Build.0 = Release|Any CPU
		{5DD1273F-90FD-4109-B8F2-CB49347BE2C3}.Release|ARM.ActiveCfg = Release|Any CPU
		{5DD1273F-90FD-4109-B8F2-CB49347BE2C3}.Release|ARM.Build.0 = Release|Any CPU
		{5DD1273F-90FD-4109-B8F2-CB49347BE2C3}.Release|ARM64.ActiveCfg = Release|Any CPU
		{5DD1273F-90FD-4109-B8F2-CB49347BE2C3}.Release|ARM64.Build.0 = Release|Any CPU
		{5DD1273F-90FD-4109-B8F2-CB49347BE2C3}.Release|x64.ActiveCfg = Release|Any CPU
		{5DD1273F-90FD-4109-B8F2-CB49347BE2C3}.Release|x64.Build.0 = Release|Any CPU
		{5DD1273F-90FD-4109-B8F2-CB49347BE2C3}.Release|x86.ActiveCfg = Release|Any CPU
		{5DD1273F-90FD-4109-B8F2-CB49347BE2C3}.Release|x86.Build.0 = Release|Any CPU
		{CF4BAA55-274B-4929-AB96-9DBA8BDDF649}.Debug|Any CPU.ActiveCfg = Debug|Any CPU
		{CF4BAA55-274B-4929-AB96-9DBA8BDDF649}.Debug|Any CPU.Build.0 = Debug|Any CPU
		{CF4BAA55-274B-4929-AB96-9DBA8BDDF649}.Debug|ARM.ActiveCfg = Debug|Any CPU
		{CF4BAA55-274B-4929-AB96-9DBA8BDDF649}.Debug|ARM.Build.0 = Debug|Any CPU
		{CF4BAA55-274B-4929-AB96-9DBA8BDDF649}.Debug|ARM64.ActiveCfg = Debug|Any CPU
		{CF4BAA55-274B-4929-AB96-9DBA8BDDF649}.Debug|ARM64.Build.0 = Debug|Any CPU
		{CF4BAA55-274B-4929-AB96-9DBA8BDDF649}.Debug|x64.ActiveCfg = Debug|Any CPU
		{CF4BAA55-274B-4929-AB96-9DBA8BDDF649}.Debug|x64.Build.0 = Debug|Any CPU
		{CF4BAA55-274B-4929-AB96-9DBA8BDDF649}.Debug|x86.ActiveCfg = Debug|Any CPU
		{CF4BAA55-274B-4929-AB96-9DBA8BDDF649}.Debug|x86.Build.0 = Debug|Any CPU
		{CF4BAA55-274B-4929-AB96-9DBA8BDDF649}.Release|Any CPU.ActiveCfg = Release|Any CPU
		{CF4BAA55-274B-4929-AB96-9DBA8BDDF649}.Release|Any CPU.Build.0 = Release|Any CPU
		{CF4BAA55-274B-4929-AB96-9DBA8BDDF649}.Release|ARM.ActiveCfg = Release|Any CPU
		{CF4BAA55-274B-4929-AB96-9DBA8BDDF649}.Release|ARM.Build.0 = Release|Any CPU
		{CF4BAA55-274B-4929-AB96-9DBA8BDDF649}.Release|ARM64.ActiveCfg = Release|Any CPU
		{CF4BAA55-274B-4929-AB96-9DBA8BDDF649}.Release|ARM64.Build.0 = Release|Any CPU
		{CF4BAA55-274B-4929-AB96-9DBA8BDDF649}.Release|x64.ActiveCfg = Release|Any CPU
		{CF4BAA55-274B-4929-AB96-9DBA8BDDF649}.Release|x64.Build.0 = Release|Any CPU
		{CF4BAA55-274B-4929-AB96-9DBA8BDDF649}.Release|x86.ActiveCfg = Release|Any CPU
		{CF4BAA55-274B-4929-AB96-9DBA8BDDF649}.Release|x86.Build.0 = Release|Any CPU
		{84FA025B-C42D-4E28-AA57-40A59DFB04B8}.Debug|Any CPU.ActiveCfg = Debug|Any CPU
		{84FA025B-C42D-4E28-AA57-40A59DFB04B8}.Debug|Any CPU.Build.0 = Debug|Any CPU
		{84FA025B-C42D-4E28-AA57-40A59DFB04B8}.Debug|ARM.ActiveCfg = Debug|Any CPU
		{84FA025B-C42D-4E28-AA57-40A59DFB04B8}.Debug|ARM.Build.0 = Debug|Any CPU
		{84FA025B-C42D-4E28-AA57-40A59DFB04B8}.Debug|ARM64.ActiveCfg = Debug|Any CPU
		{84FA025B-C42D-4E28-AA57-40A59DFB04B8}.Debug|ARM64.Build.0 = Debug|Any CPU
		{84FA025B-C42D-4E28-AA57-40A59DFB04B8}.Debug|x64.ActiveCfg = Debug|Any CPU
		{84FA025B-C42D-4E28-AA57-40A59DFB04B8}.Debug|x64.Build.0 = Debug|Any CPU
		{84FA025B-C42D-4E28-AA57-40A59DFB04B8}.Debug|x86.ActiveCfg = Debug|Any CPU
		{84FA025B-C42D-4E28-AA57-40A59DFB04B8}.Debug|x86.Build.0 = Debug|Any CPU
		{84FA025B-C42D-4E28-AA57-40A59DFB04B8}.Release|Any CPU.ActiveCfg = Release|Any CPU
		{84FA025B-C42D-4E28-AA57-40A59DFB04B8}.Release|Any CPU.Build.0 = Release|Any CPU
		{84FA025B-C42D-4E28-AA57-40A59DFB04B8}.Release|ARM.ActiveCfg = Release|Any CPU
		{84FA025B-C42D-4E28-AA57-40A59DFB04B8}.Release|ARM.Build.0 = Release|Any CPU
		{84FA025B-C42D-4E28-AA57-40A59DFB04B8}.Release|ARM64.ActiveCfg = Release|Any CPU
		{84FA025B-C42D-4E28-AA57-40A59DFB04B8}.Release|ARM64.Build.0 = Release|Any CPU
		{84FA025B-C42D-4E28-AA57-40A59DFB04B8}.Release|x64.ActiveCfg = Release|Any CPU
		{84FA025B-C42D-4E28-AA57-40A59DFB04B8}.Release|x64.Build.0 = Release|Any CPU
		{84FA025B-C42D-4E28-AA57-40A59DFB04B8}.Release|x86.ActiveCfg = Release|Any CPU
		{84FA025B-C42D-4E28-AA57-40A59DFB04B8}.Release|x86.Build.0 = Release|Any CPU
		{E3128830-E2B8-460E-825E-D6BB4F493467}.Debug|Any CPU.ActiveCfg = Debug|Any CPU
		{E3128830-E2B8-460E-825E-D6BB4F493467}.Debug|Any CPU.Build.0 = Debug|Any CPU
		{E3128830-E2B8-460E-825E-D6BB4F493467}.Debug|ARM.ActiveCfg = Debug|Any CPU
		{E3128830-E2B8-460E-825E-D6BB4F493467}.Debug|ARM.Build.0 = Debug|Any CPU
		{E3128830-E2B8-460E-825E-D6BB4F493467}.Debug|ARM64.ActiveCfg = Debug|Any CPU
		{E3128830-E2B8-460E-825E-D6BB4F493467}.Debug|ARM64.Build.0 = Debug|Any CPU
		{E3128830-E2B8-460E-825E-D6BB4F493467}.Debug|x64.ActiveCfg = Debug|Any CPU
		{E3128830-E2B8-460E-825E-D6BB4F493467}.Debug|x64.Build.0 = Debug|Any CPU
		{E3128830-E2B8-460E-825E-D6BB4F493467}.Debug|x86.ActiveCfg = Debug|Any CPU
		{E3128830-E2B8-460E-825E-D6BB4F493467}.Debug|x86.Build.0 = Debug|Any CPU
		{E3128830-E2B8-460E-825E-D6BB4F493467}.Release|Any CPU.ActiveCfg = Release|Any CPU
		{E3128830-E2B8-460E-825E-D6BB4F493467}.Release|Any CPU.Build.0 = Release|Any CPU
		{E3128830-E2B8-460E-825E-D6BB4F493467}.Release|ARM.ActiveCfg = Release|Any CPU
		{E3128830-E2B8-460E-825E-D6BB4F493467}.Release|ARM.Build.0 = Release|Any CPU
		{E3128830-E2B8-460E-825E-D6BB4F493467}.Release|ARM64.ActiveCfg = Release|Any CPU
		{E3128830-E2B8-460E-825E-D6BB4F493467}.Release|ARM64.Build.0 = Release|Any CPU
		{E3128830-E2B8-460E-825E-D6BB4F493467}.Release|x64.ActiveCfg = Release|Any CPU
		{E3128830-E2B8-460E-825E-D6BB4F493467}.Release|x64.Build.0 = Release|Any CPU
		{E3128830-E2B8-460E-825E-D6BB4F493467}.Release|x86.ActiveCfg = Release|Any CPU
		{E3128830-E2B8-460E-825E-D6BB4F493467}.Release|x86.Build.0 = Release|Any CPU
	EndGlobalSection
	GlobalSection(SolutionProperties) = preSolution
		HideSolutionNode = FALSE
	EndGlobalSection
	GlobalSection(NestedProjects) = preSolution
		{5DD1273F-90FD-4109-B8F2-CB49347BE2C3} = {38221F00-6202-492B-B368-20C74F70FD2B}
		{CF4BAA55-274B-4929-AB96-9DBA8BDDF649} = {DE282EF0-9694-4050-843A-61015DCE964E}
		{84FA025B-C42D-4E28-AA57-40A59DFB04B8} = {4E5CDEC2-0D3D-4734-8D6F-084F1B7066CE}
		{E3128830-E2B8-460E-825E-D6BB4F493467} = {07E486F1-EE9B-4C8D-89C4-BAFC769863CE}
	EndGlobalSection
	GlobalSection(ExtensibilityGlobals) = postSolution
		SolutionGuid = {0D2D0F9C-97E6-4B8E-A9DC-374A383258B3}
	EndGlobalSection
EndGlobal
